{
  "requires": true,
  "lockfileVersion": 1,
  "dependencies": {
    "snowstorm": {
      "version": "0.1.4",
      "resolved": "https://registry.npmjs.org/snowstorm/-/snowstorm-0.1.4.tgz",
      "integrity": "sha512-vZP+QVj/GCYJqFt4gSQlGdX7qczDZ1PNSIfhh3M4dt0td25Kv7Z8twWaH5/Hiv9ZjagyfXAU9CPQPSideK0EQg=="
    }
  }
}
